<?xml version="1.0" encoding="utf-8"?>
<Project ToolsVersion="4.0" xmlns="http://schemas.microsoft.com/developer/msbuild/2003">
  <ItemGroup>
    <Filter Include="core">
      <UniqueIdentifier>{4E40957C-3A77-960D-E363-7C10CF79120F}</UniqueIdentifier>
    </Filter>
    <Filter Include="core\memory">
      <UniqueIdentifier>{16E8D07B-829D-4971-0B92-434877464075}</UniqueIdentifier>
    </Filter>
    <Filter Include="core\pipeline">
      <UniqueIdentifier>{53BCA0B2-BF7C-1CE9-88B7-6566F43661C5}</UniqueIdentifier>
    </Filter>
    <Filter Include="core\shaders">
      <UniqueIdentifier>{476BEBC9-33CE-7A6E-DC53-B324C89546F1}</UniqueIdentifier>
    </Filter>
    <Filter Include="utils">
      <UniqueIdentifier>{169C8510-82B0-ADC1-4B32-5121B705AAF2}</UniqueIdentifier>
    </Filter>
    <Filter Include="window">
      <UniqueIdentifier>{5DFE1E25-49A0-49FB-325B-5D4F1E9CD04B}</UniqueIdentifier>
    </Filter>
  </ItemGroup>
  <ItemGroup>
    <ClInclude Include="core\EngineBase.h">
      <Filter>core</Filter>
    </ClInclude>
    <ClInclude Include="core\EngineCore.hpp">
      <Filter>core</Filter>
    </ClInclude>
    <ClInclude Include="core\GraphicsCardFeatureValidation.hpp">
      <Filter>core</Filter>
    </ClInclude>
    <ClInclude Include="core\egx.hpp">
      <Filter>core</Filter>
    </ClInclude>
    <ClInclude Include="core\egxasync.hpp">
      <Filter>core</Filter>
    </ClInclude>
    <ClInclude Include="core\egxcommon.hpp">
      <Filter>core</Filter>
    </ClInclude>
    <ClInclude Include="core\egxgui.hpp">
      <Filter>core</Filter>
    </ClInclude>
    <ClInclude Include="core\egxutil.hpp">
      <Filter>core</Filter>
    </ClInclude>
    <ClInclude Include="core\memory\egxmemory.hpp">
      <Filter>core\memory</Filter>
    </ClInclude>
    <ClInclude Include="core\memory\egxref.hpp">
      <Filter>core\memory</Filter>
    </ClInclude>
    <ClInclude Include="core\memory\formatsize.hpp">
      <Filter>core\memory</Filter>
    </ClInclude>
    <ClInclude Include="core\memory\vulkan_memory_allocator.hpp">
      <Filter>core\memory</Filter>
    </ClInclude>
    <ClInclude Include="core\pipeline\egxframebuffer.hpp">
      <Filter>core\pipeline</Filter>
    </ClInclude>
    <ClInclude Include="core\pipeline\egxpipeline.hpp">
      <Filter>core\pipeline</Filter>
    </ClInclude>
    <ClInclude Include="core\pipeline\egxpipelinestate.hpp">
      <Filter>core\pipeline</Filter>
    </ClInclude>
    <ClInclude Include="core\shaders\egxshader.hpp">
      <Filter>core\shaders</Filter>
    </ClInclude>
    <ClInclude Include="core\shaders\egxshaderdata.hpp">
      <Filter>core\shaders</Filter>
    </ClInclude>
    <ClInclude Include="core\vulkinc.hpp">
      <Filter>core</Filter>
    </ClInclude>
    <ClInclude Include="utils\MBox.hpp">
      <Filter>utils</Filter>
    </ClInclude>
    <ClInclude Include="utils\OpenSaveDialog.hpp">
      <Filter>utils</Filter>
    </ClInclude>
    <ClInclude Include="utils\PerlinNoise.hpp">
      <Filter>utils</Filter>
    </ClInclude>
    <ClInclude Include="utils\Profiling.hpp">
      <Filter>utils</Filter>
    </ClInclude>
    <ClInclude Include="utils\atomic.h">
      <Filter>utils</Filter>
    </ClInclude>
    <ClInclude Include="utils\defines.h">
      <Filter>utils</Filter>
    </ClInclude>
    <ClInclude Include="utils\perlin_noise.hpp">
      <Filter>utils</Filter>
    </ClInclude>
    <ClInclude Include="window\Event.hpp">
      <Filter>window</Filter>
    </ClInclude>
    <ClInclude Include="window\PlatformWindow.hpp">
      <Filter>window</Filter>
    </ClInclude>
    <ClInclude Include="window\egxswapchain.hpp">
      <Filter>window</Filter>
    </ClInclude>
  </ItemGroup>
  <ItemGroup>
    <ClCompile Include="core\EngineCore.cpp">
      <Filter>core</Filter>
    </ClCompile>
    <ClCompile Include="core\GraphicsCardFeatureValidation.cpp">
      <Filter>core</Filter>
    </ClCompile>
    <ClCompile Include="core\egxcommon.cpp">
      <Filter>core</Filter>
    </ClCompile>
    <ClCompile Include="core\egxgui.cpp">
      <Filter>core</Filter>
    </ClCompile>
    <ClCompile Include="core\egxutil.cpp">
      <Filter>core</Filter>
    </ClCompile>
    <ClCompile Include="core\memory\egxmemory.cpp">
      <Filter>core\memory</Filter>
    </ClCompile>
    <ClCompile Include="core\memory\formatsize.cpp">
      <Filter>core\memory</Filter>
    </ClCompile>
    <ClCompile Include="core\memory\vulkan_memory_allocator.cpp">
      <Filter>core\memory</Filter>
    </ClCompile>
    <ClCompile Include="core\pipeline\egxframebuffer.cpp">
      <Filter>core\pipeline</Filter>
    </ClCompile>
    <ClCompile Include="core\pipeline\egxpipeline.cpp">
      <Filter>core\pipeline</Filter>
    </ClCompile>
    <ClCompile Include="core\pipeline\egxpipelinestate.cpp">
      <Filter>core\pipeline</Filter>
    </ClCompile>
    <ClCompile Include="core\shaders\egxshader.cpp">
      <Filter>core\shaders</Filter>
    </ClCompile>
    <ClCompile Include="core\shaders\egxshaderdata.cpp">
      <Filter>core\shaders</Filter>
    </ClCompile>
    <ClCompile Include="utils\MBox.cpp">
      <Filter>utils</Filter>
    </ClCompile>
    <ClCompile Include="utils\OpenSaveDialog.cpp">
      <Filter>utils</Filter>
    </ClCompile>
    <ClCompile Include="utils\Profiling.cpp">
      <Filter>utils</Filter>
    </ClCompile>
    <ClCompile Include="utils\perlin_noise.cpp">
      <Filter>utils</Filter>
    </ClCompile>
    <ClCompile Include="window\PlatformWindow.cpp">
      <Filter>window</Filter>
    </ClCompile>
    <ClCompile Include="window\egxswapchain.cpp">
      <Filter>window</Filter>
    </ClCompile>
  </ItemGroup>
</Project>