<?xml version="1.0" encoding="utf-8"?>
<Project ToolsVersion="4.0" xmlns="http://schemas.microsoft.com/developer/msbuild/2003">
  <ItemGroup>
    <Filter Include="Source Files">
      <UniqueIdentifier>{4FC737F1-C7A5-4376-A066-2A32D752A2FF}</UniqueIdentifier>
      <Extensions>cpp;c;cc;cxx;c++;cppm;ixx;def;odl;idl;hpj;bat;asm;asmx</Extensions>
    </Filter>
    <Filter Include="Header Files">
      <UniqueIdentifier>{93995380-89BD-4b04-88EB-625FBE52EBFB}</UniqueIdentifier>
      <Extensions>h;hh;hpp;hxx;h++;hm;inl;inc;ipp;xsd</Extensions>
    </Filter>
    <Filter Include="Resource Files">
      <UniqueIdentifier>{67DA6AB6-F800-4c08-8B7A-83BB121AAD01}</UniqueIdentifier>
      <Extensions>rc;ico;cur;bmp;dlg;rc2;rct;bin;rgs;gif;jpg;jpeg;jpe;resx;tiff;tif;png;wav;mfcribbon-ms</Extensions>
    </Filter>
  </ItemGroup>
  <ItemGroup>
    <ClInclude Include="src\application\Camera.hpp">
      <Filter>Header Files</Filter>
    </ClInclude>
    <ClInclude Include="src\core\backend\backend_base.h">
      <Filter>Header Files</Filter>
    </ClInclude>
    <ClInclude Include="src\core\backend\Swapchain.hpp">
      <Filter>Header Files</Filter>
    </ClInclude>
    <ClInclude Include="src\core\backend\VkGraphicsCard.hpp">
      <Filter>Header Files</Filter>
    </ClInclude>
    <ClInclude Include="src\core\backend\VulkanLoader.h">
      <Filter>Header Files</Filter>
    </ClInclude>
    <ClInclude Include="src\core\memory\cvector.h">
      <Filter>Header Files</Filter>
    </ClInclude>
    <ClInclude Include="src\core\pipeline\Pipeline.hpp">
      <Filter>Header Files</Filter>
    </ClInclude>
    <ClInclude Include="src\core\shaders\Shader.hpp">
      <Filter>Header Files</Filter>
    </ClInclude>
    <ClInclude Include="src\core\shaders\ShaderReflection.hpp">
      <Filter>Header Files</Filter>
    </ClInclude>
    <ClInclude Include="src\core\EngineBase.h">
      <Filter>Header Files</Filter>
    </ClInclude>
    <ClInclude Include="src\core\backend\GUI.h">
      <Filter>Header Files</Filter>
    </ClInclude>
    <ClInclude Include="src\graphics\material_system\Material.hpp">
      <Filter>Header Files</Filter>
    </ClInclude>
    <ClInclude Include="src\graphics\material_system\MaterialConfiguration.hpp">
      <Filter>Header Files</Filter>
    </ClInclude>
    <ClInclude Include="src\graphics\CommandDefines.hpp">
      <Filter>Header Files</Filter>
    </ClInclude>
    <ClInclude Include="src\graphics\Font.hpp">
      <Filter>Header Files</Filter>
    </ClInclude>
    <ClInclude Include="src\graphics\Graphics.hpp">
      <Filter>Header Files</Filter>
    </ClInclude>
    <ClInclude Include="src\physics\Physics.hpp">
      <Filter>Header Files</Filter>
    </ClInclude>
    <ClInclude Include="src\mesh\Map.hpp">
      <Filter>Header Files</Filter>
    </ClInclude>
    <ClInclude Include="src\utils\common.hpp">
      <Filter>Header Files</Filter>
    </ClInclude>
    <ClInclude Include="src\utils\defines.h">
      <Filter>Header Files</Filter>
    </ClInclude>
    <ClInclude Include="src\utils\Logger.hpp">
      <Filter>Header Files</Filter>
    </ClInclude>
    <ClInclude Include="src\utils\MBox.hpp">
      <Filter>Header Files</Filter>
    </ClInclude>
    <ClInclude Include="src\utils\Profiling.hpp">
      <Filter>Header Files</Filter>
    </ClInclude>
    <ClInclude Include="src\utils\StringUtils.hpp">
      <Filter>Header Files</Filter>
    </ClInclude>
    <ClInclude Include="src\window\NMB.h">
      <Filter>Header Files</Filter>
    </ClInclude>
    <ClInclude Include="src\window\PlatformWindow.hpp">
      <Filter>Header Files</Filter>
    </ClInclude>
    <ClInclude Include="external\imgui\imconfig.h">
      <Filter>Header Files</Filter>
    </ClInclude>
    <ClInclude Include="external\imgui\imgui.h">
      <Filter>Header Files</Filter>
    </ClInclude>
    <ClInclude Include="external\imgui\imgui_internal.h">
      <Filter>Header Files</Filter>
    </ClInclude>
    <ClInclude Include="external\imgui\imstb_rectpack.h">
      <Filter>Header Files</Filter>
    </ClInclude>
    <ClInclude Include="external\imgui\imstb_textedit.h">
      <Filter>Header Files</Filter>
    </ClInclude>
    <ClInclude Include="external\imgui\imstb_truetype.h">
      <Filter>Header Files</Filter>
    </ClInclude>
    <ClInclude Include="external\imgui\backends\imgui_impl_glfw.h">
      <Filter>Header Files</Filter>
    </ClInclude>
    <ClInclude Include="external\imgui\backends\imgui_impl_opengl3.h">
      <Filter>Header Files</Filter>
    </ClInclude>
    <ClInclude Include="external\imgui\backends\imgui_impl_vulkan.h">
      <Filter>Header Files</Filter>
    </ClInclude>
    <ClInclude Include="external\glad\include\glad\glad.h">
      <Filter>Header Files</Filter>
    </ClInclude>
    <ClInclude Include="external\glad\include\KHR\khrplatform.h">
      <Filter>Header Files</Filter>
    </ClInclude>
    <ClInclude Include="src\core\memory\vulkan_memory_allocator.hpp">
      <Filter>Header Files</Filter>
    </ClInclude>
    <ClInclude Include="src\core\memory\Buffer2.hpp">
      <Filter>Header Files</Filter>
    </ClInclude>
    <ClInclude Include="src\core\memory\Texture2.hpp">
      <Filter>Header Files</Filter>
    </ClInclude>
    <ClInclude Include="external\meshoptimizer\src\meshoptimizer.h">
      <Filter>Header Files</Filter>
    </ClInclude>
    <ClInclude Include="src\application\ShaderTypes.hpp">
      <Filter>Header Files</Filter>
    </ClInclude>
    <ClInclude Include="src\application\UI.hpp">
      <Filter>Header Files</Filter>
    </ClInclude>
    <ClInclude Include="src\mesh\geometry.hpp">
      <Filter>Header Files</Filter>
    </ClInclude>
    <ClInclude Include="src\core\shaders\ShaderBinding.hpp">
      <Filter>Header Files</Filter>
    </ClInclude>
    <ClInclude Include="src\graphics\DebugRenderer.hpp">
      <Filter>Header Files</Filter>
    </ClInclude>
    <ClInclude Include="src\mesh\entity.hpp">
      <Filter>Header Files</Filter>
    </ClInclude>
    <ClInclude Include="external\VulkanMemoryAllocator\include\vk_mem_alloc.h">
      <Filter>Header Files</Filter>
    </ClInclude>
    <ClInclude Include="external\VulkanMemoryAllocator\src\Common.h">
      <Filter>Header Files</Filter>
    </ClInclude>
    <ClInclude Include="external\VulkanMemoryAllocator\src\VmaUsage.h">
      <Filter>Header Files</Filter>
    </ClInclude>
    <ClInclude Include="src\application\Application.hpp">
      <Filter>Header Files</Filter>
    </ClInclude>
    <ClInclude Include="src\core\pipeline\PipelineCS.hpp">
      <Filter>Header Files</Filter>
    </ClInclude>
    <ClInclude Include="src\application\ecs\EntityController.hpp">
      <Filter>Header Files</Filter>
    </ClInclude>
    <ClInclude Include="src\core\pipeline\Framebuffer.hpp">
      <Filter>Header Files</Filter>
    </ClInclude>
    <ClInclude Include="src\mesh\SkinnedMesh.hpp">
      <Filter>Header Files</Filter>
    </ClInclude>
    <ClInclude Include="src\utils\atomic.h">
      <Filter>Header Files</Filter>
    </ClInclude>
    <ClInclude Include="src\application\scene\Scene.hpp">
      <Filter>Header Files</Filter>
    </ClInclude>
    <ClInclude Include="src\application\scene\FrustrumCullPass.hpp">
      <Filter>Header Files</Filter>
    </ClInclude>
    <ClInclude Include="src\application\scene\GeometryPass.hpp">
      <Filter>Header Files</Filter>
    </ClInclude>
  </ItemGroup>
  <ItemGroup>
    <ClCompile Include="src\application\Camera.cpp">
      <Filter>Source Files</Filter>
    </ClCompile>
    <ClCompile Include="src\main.cpp">
      <Filter>Source Files</Filter>
    </ClCompile>
    <ClCompile Include="src\PrepareDLLs.cpp">
      <Filter>Source Files</Filter>
    </ClCompile>
    <ClCompile Include="src\core\backend\Swapchain.cpp">
      <Filter>Source Files</Filter>
    </ClCompile>
    <ClCompile Include="src\core\backend\VkGraphicsCard.cpp">
      <Filter>Source Files</Filter>
    </ClCompile>
    <ClCompile Include="src\core\backend\VulkanLoader.c">
      <Filter>Source Files</Filter>
    </ClCompile>
    <ClCompile Include="src\core\pipeline\Pipeline.cpp">
      <Filter>Source Files</Filter>
    </ClCompile>
    <ClCompile Include="src\core\shaders\Shader.cpp">
      <Filter>Source Files</Filter>
    </ClCompile>
    <ClCompile Include="src\core\shaders\ShaderReflection.cpp">
      <Filter>Source Files</Filter>
    </ClCompile>
    <ClCompile Include="src\core\backend\GUI.cpp">
      <Filter>Source Files</Filter>
    </ClCompile>
    <ClCompile Include="src\graphics\material_system\Material.cpp">
      <Filter>Source Files</Filter>
    </ClCompile>
    <ClCompile Include="src\graphics\material_system\MaterialConfiguration.cpp">
      <Filter>Source Files</Filter>
    </ClCompile>
    <ClCompile Include="src\graphics\Font.cpp">
      <Filter>Source Files</Filter>
    </ClCompile>
    <ClCompile Include="src\graphics\Graphics.cpp">
      <Filter>Source Files</Filter>
    </ClCompile>
    <ClCompile Include="src\physics\Physics.cpp">
      <Filter>Source Files</Filter>
    </ClCompile>
    <ClCompile Include="src\mesh\Map.cpp">
      <Filter>Source Files</Filter>
    </ClCompile>
    <ClCompile Include="src\utils\common.cpp">
      <Filter>Source Files</Filter>
    </ClCompile>
    <ClCompile Include="src\utils\Logger.cpp">
      <Filter>Source Files</Filter>
    </ClCompile>
    <ClCompile Include="src\utils\MBox.cpp">
      <Filter>Source Files</Filter>
    </ClCompile>
    <ClCompile Include="src\utils\Profiling.cpp">
      <Filter>Source Files</Filter>
    </ClCompile>
    <ClCompile Include="src\utils\StringUtils.cpp">
      <Filter>Source Files</Filter>
    </ClCompile>
    <ClCompile Include="src\window\PlatformWindow.cpp">
      <Filter>Source Files</Filter>
    </ClCompile>
    <ClCompile Include="external\stb.cpp">
      <Filter>Source Files</Filter>
    </ClCompile>
    <ClCompile Include="external\imgui\imgui.cpp">
      <Filter>Source Files</Filter>
    </ClCompile>
    <ClCompile Include="external\imgui\imgui_draw.cpp">
      <Filter>Source Files</Filter>
    </ClCompile>
    <ClCompile Include="external\imgui\imgui_tables.cpp">
      <Filter>Source Files</Filter>
    </ClCompile>
    <ClCompile Include="external\imgui\imgui_widgets.cpp">
      <Filter>Source Files</Filter>
    </ClCompile>
    <ClCompile Include="external\imgui\backends\imgui_impl_glfw.cpp">
      <Filter>Source Files</Filter>
    </ClCompile>
    <ClCompile Include="external\imgui\backends\imgui_impl_opengl3.cpp">
      <Filter>Source Files</Filter>
    </ClCompile>
    <ClCompile Include="external\imgui\backends\imgui_impl_vulkan.cpp">
      <Filter>Source Files</Filter>
    </ClCompile>
    <ClCompile Include="external\glad\glad.c">
      <Filter>Source Files</Filter>
    </ClCompile>
    <ClCompile Include="src\core\memory\vulkan_memory_allocator.cpp">
      <Filter>Source Files</Filter>
    </ClCompile>
    <ClCompile Include="src\core\memory\Buffer2.cpp">
      <Filter>Source Files</Filter>
    </ClCompile>
    <ClCompile Include="src\core\memory\Texture2.cpp">
      <Filter>Source Files</Filter>
    </ClCompile>
    <ClCompile Include="external\imgui\imgui_demo.cpp">
      <Filter>Source Files</Filter>
    </ClCompile>
    <ClCompile Include="external\meshoptimizer\src\allocator.cpp">
      <Filter>Source Files</Filter>
    </ClCompile>
    <ClCompile Include="external\meshoptimizer\src\clusterizer.cpp">
      <Filter>Source Files</Filter>
    </ClCompile>
    <ClCompile Include="external\meshoptimizer\src\indexcodec.cpp">
      <Filter>Source Files</Filter>
    </ClCompile>
    <ClCompile Include="external\meshoptimizer\src\indexgenerator.cpp">
      <Filter>Source Files</Filter>
    </ClCompile>
    <ClCompile Include="external\meshoptimizer\src\overdrawanalyzer.cpp">
      <Filter>Source Files</Filter>
    </ClCompile>
    <ClCompile Include="external\meshoptimizer\src\overdrawoptimizer.cpp">
      <Filter>Source Files</Filter>
    </ClCompile>
    <ClCompile Include="external\meshoptimizer\src\simplifier.cpp">
      <Filter>Source Files</Filter>
    </ClCompile>
    <ClCompile Include="external\meshoptimizer\src\spatialorder.cpp">
      <Filter>Source Files</Filter>
    </ClCompile>
    <ClCompile Include="external\meshoptimizer\src\stripifier.cpp">
      <Filter>Source Files</Filter>
    </ClCompile>
    <ClCompile Include="external\meshoptimizer\src\vcacheanalyzer.cpp">
      <Filter>Source Files</Filter>
    </ClCompile>
    <ClCompile Include="external\meshoptimizer\src\vcacheoptimizer.cpp">
      <Filter>Source Files</Filter>
    </ClCompile>
    <ClCompile Include="external\meshoptimizer\src\vertexcodec.cpp">
      <Filter>Source Files</Filter>
    </ClCompile>
    <ClCompile Include="external\meshoptimizer\src\vertexfilter.cpp">
      <Filter>Source Files</Filter>
    </ClCompile>
    <ClCompile Include="external\meshoptimizer\src\vfetchanalyzer.cpp">
      <Filter>Source Files</Filter>
    </ClCompile>
    <ClCompile Include="external\meshoptimizer\src\vfetchoptimizer.cpp">
      <Filter>Source Files</Filter>
    </ClCompile>
    <ClCompile Include="src\application\UI.cpp">
      <Filter>Source Files</Filter>
    </ClCompile>
    <ClCompile Include="src\mesh\geometry.cpp">
      <Filter>Source Files</Filter>
    </ClCompile>
    <ClCompile Include="src\core\shaders\ShaderBinding.cpp">
      <Filter>Source Files</Filter>
    </ClCompile>
    <ClCompile Include="src\graphics\DebugRenderer.cpp">
      <Filter>Source Files</Filter>
    </ClCompile>
    <ClCompile Include="external\VulkanMemoryAllocator\src\Common.cpp">
      <Filter>Source Files</Filter>
    </ClCompile>
    <ClCompile Include="external\VulkanMemoryAllocator\src\VmaUsage.cpp">
      <Filter>Source Files</Filter>
    </ClCompile>
    <ClCompile Include="src\application\Application.cpp">
      <Filter>Source Files</Filter>
    </ClCompile>
    <ClCompile Include="src\core\pipeline\PipelineCS.cpp">
      <Filter>Source Files</Filter>
    </ClCompile>
    <ClCompile Include="src\application\ecs\EntityController.cpp">
      <Filter>Source Files</Filter>
    </ClCompile>
    <ClCompile Include="src\core\pipeline\Framebuffer.cpp">
      <Filter>Source Files</Filter>
    </ClCompile>
    <ClCompile Include="src\mesh\SkinnedMesh.cpp">
      <Filter>Source Files</Filter>
    </ClCompile>
    <ClCompile Include="src\application\scene\FrustrumCullPass.cpp">
      <Filter>Source Files</Filter>
    </ClCompile>
    <ClCompile Include="src\application\scene\GeometryPass.cpp">
      <Filter>Source Files</Filter>
    </ClCompile>
  </ItemGroup>
  <ItemGroup>
    <None Include="src\utils\common.inl">
      <Filter>Header Files</Filter>
    </None>
    <None Include="imgui.ini" />
    <None Include="assets\materials\geometryPass.mc" />
    <None Include="src\application\ecs\Entity.hpp" />
  </ItemGroup>
  <ItemGroup>
    <Natvis Include="external\VulkanMemoryAllocator\src\vk_mem_alloc.natvis" />
  </ItemGroup>
</Project>