<?xml version="1.0" encoding="utf-8"?>
<Project ToolsVersion="4.0" xmlns="http://schemas.microsoft.com/developer/msbuild/2003">
  <ItemGroup>
    <Filter Include="Source Files">
      <UniqueIdentifier>{4FC737F1-C7A5-4376-A066-2A32D752A2FF}</UniqueIdentifier>
      <Extensions>cpp;c;cc;cxx;c++;cppm;ixx;def;odl;idl;hpj;bat;asm;asmx</Extensions>
    </Filter>
    <Filter Include="Header Files">
      <UniqueIdentifier>{93995380-89BD-4b04-88EB-625FBE52EBFB}</UniqueIdentifier>
      <Extensions>h;hh;hpp;hxx;h++;hm;inl;inc;ipp;xsd</Extensions>
    </Filter>
    <Filter Include="Resource Files">
      <UniqueIdentifier>{67DA6AB6-F800-4c08-8B7A-83BB121AAD01}</UniqueIdentifier>
      <Extensions>rc;ico;cur;bmp;dlg;rc2;rct;bin;rgs;gif;jpg;jpeg;jpe;resx;tiff;tif;png;wav;mfcribbon-ms</Extensions>
    </Filter>
  </ItemGroup>
  <ItemGroup>
    <ClCompile Include="graphics\Graphics.cpp">
      <Filter>Source Files</Filter>
    </ClCompile>
    <ClCompile Include="core\backend\GraphicsCardFeatureValidation.cpp">
      <Filter>Source Files</Filter>
    </ClCompile>
    <ClCompile Include="core\backend\GUI.cpp">
      <Filter>Source Files</Filter>
    </ClCompile>
    <ClCompile Include="core\backend\Swapchain.cpp">
      <Filter>Source Files</Filter>
    </ClCompile>
    <ClCompile Include="core\backend\VkGraphicsCard.cpp">
      <Filter>Source Files</Filter>
    </ClCompile>
    <ClCompile Include="core\backend\VulkanLoader.c">
      <Filter>Source Files</Filter>
    </ClCompile>
    <ClCompile Include="core\memory\Buffer2.cpp">
      <Filter>Source Files</Filter>
    </ClCompile>
    <ClCompile Include="core\memory\CubeMap.cpp">
      <Filter>Source Files</Filter>
    </ClCompile>
    <ClCompile Include="core\memory\Texture2.cpp">
      <Filter>Source Files</Filter>
    </ClCompile>
    <ClCompile Include="core\memory\vulkan_memory_allocator.cpp">
      <Filter>Source Files</Filter>
    </ClCompile>
    <ClCompile Include="core\pipeline\Framebuffer.cpp">
      <Filter>Source Files</Filter>
    </ClCompile>
    <ClCompile Include="core\pipeline\Pipeline.cpp">
      <Filter>Source Files</Filter>
    </ClCompile>
    <ClCompile Include="core\pipeline\PipelineCS.cpp">
      <Filter>Source Files</Filter>
    </ClCompile>
    <ClCompile Include="core\shaders\Shader.cpp">
      <Filter>Source Files</Filter>
    </ClCompile>
    <ClCompile Include="core\shaders\ShaderConnector.cpp">
      <Filter>Source Files</Filter>
    </ClCompile>
    <ClCompile Include="core\shaders\ShaderReflection.cpp">
      <Filter>Source Files</Filter>
    </ClCompile>
    <ClCompile Include="utils\commonn.cpp">
      <Filter>Source Files</Filter>
    </ClCompile>
    <ClCompile Include="utils\Logger.cpp">
      <Filter>Source Files</Filter>
    </ClCompile>
    <ClCompile Include="utils\MBox.cpp">
      <Filter>Source Files</Filter>
    </ClCompile>
    <ClCompile Include="utils\OpenSaveDialog.cpp">
      <Filter>Source Files</Filter>
    </ClCompile>
    <ClCompile Include="utils\perlin_noise.cpp">
      <Filter>Source Files</Filter>
    </ClCompile>
    <ClCompile Include="utils\Profiling.cpp">
      <Filter>Source Files</Filter>
    </ClCompile>
    <ClCompile Include="utils\StringUtils.cpp">
      <Filter>Source Files</Filter>
    </ClCompile>
    <ClCompile Include="core\stb.cpp">
      <Filter>Source Files</Filter>
    </ClCompile>
    <ClCompile Include="window\PlatformWindow.cpp">
      <Filter>Source Files</Filter>
    </ClCompile>
    <ClCompile Include="core\Entry.cpp">
      <Filter>Source Files</Filter>
    </ClCompile>
    <ClCompile Include="include\VulkanMemoryAllocator\src\VmaUsage.cpp">
      <Filter>Source Files</Filter>
    </ClCompile>
    <ClCompile Include="include\VulkanMemoryAllocator\src\Common.cpp">
      <Filter>Source Files</Filter>
    </ClCompile>
    <ClCompile Include="include\imgui\imgui.cpp">
      <Filter>Source Files</Filter>
    </ClCompile>
    <ClCompile Include="include\imgui\imgui_draw.cpp">
      <Filter>Source Files</Filter>
    </ClCompile>
    <ClCompile Include="include\imgui\imgui_demo.cpp">
      <Filter>Source Files</Filter>
    </ClCompile>
    <ClCompile Include="include\imgui\imgui_tables.cpp">
      <Filter>Source Files</Filter>
    </ClCompile>
    <ClCompile Include="include\imgui\imgui_widgets.cpp">
      <Filter>Source Files</Filter>
    </ClCompile>
    <ClCompile Include="include\imgui\backends\imgui_impl_vulkan.cpp">
      <Filter>Source Files</Filter>
    </ClCompile>
    <ClCompile Include="include\imgui\backends\imgui_impl_glfw.cpp">
      <Filter>Source Files</Filter>
    </ClCompile>
  </ItemGroup>
  <ItemGroup>
    <ClInclude Include="graphics\Graphics.hpp">
      <Filter>Header Files</Filter>
    </ClInclude>
    <ClInclude Include="core\backend\backend_base.h">
      <Filter>Header Files</Filter>
    </ClInclude>
    <ClInclude Include="core\backend\GUI.h">
      <Filter>Header Files</Filter>
    </ClInclude>
    <ClInclude Include="core\backend\Swapchain.hpp">
      <Filter>Header Files</Filter>
    </ClInclude>
    <ClInclude Include="core\backend\VkGraphicsCard.hpp">
      <Filter>Header Files</Filter>
    </ClInclude>
    <ClInclude Include="core\backend\VulkanLoader.h">
      <Filter>Header Files</Filter>
    </ClInclude>
    <ClInclude Include="core\memory\Buffer2.hpp">
      <Filter>Header Files</Filter>
    </ClInclude>
    <ClInclude Include="core\memory\CubeMap.hpp">
      <Filter>Header Files</Filter>
    </ClInclude>
    <ClInclude Include="core\memory\cvector.h">
      <Filter>Header Files</Filter>
    </ClInclude>
    <ClInclude Include="core\memory\Texture2.hpp">
      <Filter>Header Files</Filter>
    </ClInclude>
    <ClInclude Include="core\memory\vulkan_memory_allocator.hpp">
      <Filter>Header Files</Filter>
    </ClInclude>
    <ClInclude Include="core\pipeline\Framebuffer.hpp">
      <Filter>Header Files</Filter>
    </ClInclude>
    <ClInclude Include="core\pipeline\Pipeline.hpp">
      <Filter>Header Files</Filter>
    </ClInclude>
    <ClInclude Include="core\pipeline\PipelineCS.hpp">
      <Filter>Header Files</Filter>
    </ClInclude>
    <ClInclude Include="core\shaders\Shader.hpp">
      <Filter>Header Files</Filter>
    </ClInclude>
    <ClInclude Include="core\shaders\ShaderConnector.hpp">
      <Filter>Header Files</Filter>
    </ClInclude>
    <ClInclude Include="core\shaders\ShaderReflection.hpp">
      <Filter>Header Files</Filter>
    </ClInclude>
    <ClInclude Include="core\EngineBase.h">
      <Filter>Header Files</Filter>
    </ClInclude>
    <ClInclude Include="utils\atomic.h">
      <Filter>Header Files</Filter>
    </ClInclude>
    <ClInclude Include="utils\common.hpp">
      <Filter>Header Files</Filter>
    </ClInclude>
    <ClInclude Include="utils\defines.h">
      <Filter>Header Files</Filter>
    </ClInclude>
    <ClInclude Include="utils\Logger.hpp">
      <Filter>Header Files</Filter>
    </ClInclude>
    <ClInclude Include="utils\MBox.hpp">
      <Filter>Header Files</Filter>
    </ClInclude>
    <ClInclude Include="utils\OpenSaveDialog.hpp">
      <Filter>Header Files</Filter>
    </ClInclude>
    <ClInclude Include="utils\perlin_noise.hpp">
      <Filter>Header Files</Filter>
    </ClInclude>
    <ClInclude Include="utils\Profiling.hpp">
      <Filter>Header Files</Filter>
    </ClInclude>
    <ClInclude Include="utils\StringUtils.hpp">
      <Filter>Header Files</Filter>
    </ClInclude>
    <ClInclude Include="VulkanMemoryAllocator\include\vk_mem_alloc.h">
      <Filter>Header Files</Filter>
    </ClInclude>
    <ClInclude Include="VulkanMemoryAllocator\src\Common.h">
      <Filter>Header Files</Filter>
    </ClInclude>
    <ClInclude Include="VulkanMemoryAllocator\src\VmaUsage.h">
      <Filter>Header Files</Filter>
    </ClInclude>
    <ClInclude Include="window\Event.hpp">
      <Filter>Header Files</Filter>
    </ClInclude>
    <ClInclude Include="window\NMB.h">
      <Filter>Header Files</Filter>
    </ClInclude>
    <ClInclude Include="window\PlatformWindow.hpp">
      <Filter>Header Files</Filter>
    </ClInclude>
    <ClInclude Include="core\backend\Command.hpp">
      <Filter>Header Files</Filter>
    </ClInclude>
    <ClInclude Include="core\Entry.hpp">
      <Filter>Header Files</Filter>
    </ClInclude>
  </ItemGroup>
  <ItemGroup>
    <None Include="utils\common.inl">
      <Filter>Header Files</Filter>
    </None>
  </ItemGroup>
</Project>