<?xml version="1.0" encoding="utf-8"?>
<Project ToolsVersion="4.0" xmlns="http://schemas.microsoft.com/developer/msbuild/2003">
  <ItemGroup>
    <Filter Include="Utilities">
      <UniqueIdentifier>{010A8043-6D74-34BA-B6B2-E55F225C120F}</UniqueIdentifier>
    </Filter>
    <Filter Include="VulkanMemoryAllocator">
      <UniqueIdentifier>{7052B37B-DCBE-6E76-A5B2-06D411DE90DE}</UniqueIdentifier>
    </Filter>
    <Filter Include="VulkanMemoryAllocator\src">
      <UniqueIdentifier>{87C812F1-F38A-467B-3C3B-D507A83C1F59}</UniqueIdentifier>
    </Filter>
    <Filter Include="imgui">
      <UniqueIdentifier>{0098A80F-6CAC-D0C0-352E-7420A101CDF1}</UniqueIdentifier>
    </Filter>
    <Filter Include="imgui\backends">
      <UniqueIdentifier>{2A126960-16E0-5C66-FF73-CD8CEBE038CB}</UniqueIdentifier>
    </Filter>
  </ItemGroup>
  <ItemGroup>
    <ClInclude Include="..\Utilities\Logger.hpp">
      <Filter>Utilities</Filter>
    </ClInclude>
    <ClInclude Include="..\Utilities\NMB.h">
      <Filter>Utilities</Filter>
    </ClInclude>
    <ClInclude Include="..\Utilities\fileutil.hpp">
      <Filter>Utilities</Filter>
    </ClInclude>
    <ClInclude Include="..\Utilities\stringutil.hpp">
      <Filter>Utilities</Filter>
    </ClInclude>
    <ClInclude Include="..\Utilities\utilcore.hpp">
      <Filter>Utilities</Filter>
    </ClInclude>
    <ClInclude Include="..\imgui\backends\imgui_impl_glfw.h">
      <Filter>imgui\backends</Filter>
    </ClInclude>
    <ClInclude Include="..\imgui\backends\imgui_impl_vulkan.h">
      <Filter>imgui\backends</Filter>
    </ClInclude>
  </ItemGroup>
  <ItemGroup>
    <ClCompile Include="..\Utilities\Logger.cpp">
      <Filter>Utilities</Filter>
    </ClCompile>
    <ClCompile Include="..\Utilities\fileutil.cpp">
      <Filter>Utilities</Filter>
    </ClCompile>
    <ClCompile Include="..\Utilities\stringutil.cpp">
      <Filter>Utilities</Filter>
    </ClCompile>
    <ClCompile Include="..\Utilities\utilcore.cpp">
      <Filter>Utilities</Filter>
    </ClCompile>
    <ClCompile Include="..\VulkanMemoryAllocator\src\Common.cpp">
      <Filter>VulkanMemoryAllocator\src</Filter>
    </ClCompile>
    <ClCompile Include="..\VulkanMemoryAllocator\src\SparseBindingTest.cpp">
      <Filter>VulkanMemoryAllocator\src</Filter>
    </ClCompile>
    <ClCompile Include="..\VulkanMemoryAllocator\src\Tests.cpp">
      <Filter>VulkanMemoryAllocator\src</Filter>
    </ClCompile>
    <ClCompile Include="..\VulkanMemoryAllocator\src\VmaUsage.cpp">
      <Filter>VulkanMemoryAllocator\src</Filter>
    </ClCompile>
    <ClCompile Include="..\VulkanMemoryAllocator\src\VulkanSample.cpp">
      <Filter>VulkanMemoryAllocator\src</Filter>
    </ClCompile>
    <ClCompile Include="..\imgui\backends\imgui_impl_glfw.cpp">
      <Filter>imgui\backends</Filter>
    </ClCompile>
    <ClCompile Include="..\imgui\backends\imgui_impl_vulkan.cpp">
      <Filter>imgui\backends</Filter>
    </ClCompile>
    <ClCompile Include="..\imgui\imgui.cpp">
      <Filter>imgui</Filter>
    </ClCompile>
    <ClCompile Include="..\imgui\imgui_demo.cpp">
      <Filter>imgui</Filter>
    </ClCompile>
    <ClCompile Include="..\imgui\imgui_draw.cpp">
      <Filter>imgui</Filter>
    </ClCompile>
    <ClCompile Include="..\imgui\imgui_tables.cpp">
      <Filter>imgui</Filter>
    </ClCompile>
    <ClCompile Include="..\imgui\imgui_widgets.cpp">
      <Filter>imgui</Filter>
    </ClCompile>
  </ItemGroup>
</Project>